
Microsoft Visual Studio Solution File, Format Version 12.00
# Visual Studio Version 17
VisualStudioVersion = 17.7.34031.279
MinimumVisualStudioVersion = 10.0.40219.1
Project("{FAE04EC0-301F-11D3-BF4B-00C04F79EFBC}") = "EvaluacionNacionalDeEspecialidad", "EvaluacionNacionalDeEspecialidad\EvaluacionNacionalDeEspecialidad.csproj", "{027ACD6E-2545-4286-AB75-165406FA0503}"
EndProject
Global
	GlobalSection(SolutionConfigurationPlatforms) = preSolution
		Debug|Any CPU = Debug|Any CPU
		Release|Any CPU = Release|Any CPU
	EndGlobalSection
	GlobalSection(ProjectConfigurationPlatforms) = postSolution
		{027ACD6E-2545-4286-AB75-165406FA0503}.Debug|Any CPU.ActiveCfg = Debug|Any CPU
		{027ACD6E-2545-4286-AB75-165406FA0503}.Debug|Any CPU.Build.0 = Debug|Any CPU
		{027ACD6E-2545-4286-AB75-165406FA0503}.Release|Any CPU.ActiveCfg = Release|Any CPU
		{027ACD6E-2545-4286-AB75-165406FA0503}.Release|Any CPU.Build.0 = Release|Any CPU
	EndGlobalSection
	GlobalSection(SolutionProperties) = preSolution
		HideSolutionNode = FALSE
	EndGlobalSection
	GlobalSection(ExtensibilityGlobals) = postSolution
		SolutionGuid = {4D5F57BF-59F2-4676-B42E-22E93BF3DE2C}
	EndGlobalSection
EndGlobal
